
Microsoft Visual Studio Solution File, Format Version 12.00
# Visual Studio 15
VisualStudioVersion = 15.0.27703.1
MinimumVisualStudioVersion = 10.0.40219.1
Project("{FAE04EC0-301F-11D3-BF4B-00C04F79EFBC}") = "EnergySmartBridge", "EnergySmartBridge\EnergySmartBridge.csproj", "{FD4626AE-7087-48DA-B78A-2891E1B65D6B}"
EndProject
Global
	GlobalSection(SolutionConfigurationPlatforms) = preSolution
		Debug|Any CPU = Debug|Any CPU
		Release|Any CPU = Release|Any CPU
	EndGlobalSection
	GlobalSection(ProjectConfigurationPlatforms) = postSolution
		{FD4626AE-7087-48DA-B78A-2891E1B65D6B}.Debug|Any CPU.ActiveCfg = Debug|Any CPU
		{FD4626AE-7087-48DA-B78A-2891E1B65D6B}.Debug|Any CPU.Build.0 = Debug|Any CPU
		{FD4626AE-7087-48DA-B78A-2891E1B65D6B}.Release|Any CPU.ActiveCfg = Release|Any CPU
		{FD4626AE-7087-48DA-B78A-2891E1B65D6B}.Release|Any CPU.Build.0 = Release|Any CPU
	EndGlobalSection
	GlobalSection(SolutionProperties) = preSolution
		HideSolutionNode = FALSE
	EndGlobalSection
	GlobalSection(ExtensibilityGlobals) = postSolution
		SolutionGuid = {1401ED23-D0DE-4783-91F8-CC8564BCE95D}
	EndGlobalSection
EndGlobal
